PODS:
  - AFNetworking (2.3.1):
    - AFNetworking/NSURLConnection
    - AFNetworking/NSURLSession
    - AFNetworking/Reachability
    - AFNetworking/Security
    - AFNetworking/Serialization
    - AFNetworking/UIKit
  - AFNetworking/NSURLConnection (2.3.1):
    - AFNetworking/Reachability
    - AFNetworking/Security
    - AFNetworking/Serialization
  - AFNetworking/NSURLSession (2.3.1):
    - AFNetworking/Reachability
    - AFNetworking/Security
    - AFNetworking/Serialization
  - AFNetworking/Reachability (2.3.1)
  - AFNetworking/Security (2.3.1)
  - AFNetworking/Serialization (2.3.1)
  - CNGridView (1.1.4)
  - MASPreferences (1.1)
  - PVAsyncImageView (0.0.1)
  - PXListView (0.0.1)
  - PXSourceList (2.0.5)
  - Sparkle (1.8.0)

DEPENDENCIES:
  - AFNetworking (~> 2.3)
  - CNGridView (~> 1.1)
  - MASPreferences (~> 1.1)
  - PVAsyncImageView (~> 0.0)
  - PXListView (~> 0.0)
  - PXSourceList (~> 2.0)
  - Sparkle (~> 1.8)

SPEC CHECKSUMS:
  AFNetworking: 6d7b76aa5d04c8c37daad3eef4b7e3f2a7620da3
  CNGridView: bc4b4bf7b518da3dfeee4a4b6f5a65b9c41f557c
  MASPreferences: 971d03da4b3818f8ea0d0ef10b86b02b2c052d17
  PVAsyncImageView: c520d07f666f4f05393ae7d166ee8b146afd2fe1
  PXListView: c78477f8f4524bf8b7665f93212b9e638a2aecba
  PXSourceList: 1a718d3e11e08d49524fb417fab565c248bf9f64
  Sparkle: 5eb20bb37ca21e471dab8417dee880198d905327

COCOAPODS: 0.33.1
